{
  "requires": true,
  "lockfileVersion": 1,
  "dependencies": {
    "jquery": {
      "version": "3.6.0",
      "resolved": "https://registry.npmjs.org/jquery/-/jquery-3.6.0.tgz",
      "integrity": "sha512-JVzAR/AjBvVt2BmYhxRCSYysDsPcssdmTFnzyLEts9qNwmjmu4JTAMYubEfwVOSwpQ1I1sKKFcxhZCI2buerfw=="
    },
    "jquery-twzipcode": {
      "version": "1.7.15-rc1",
      "resolved": "https://registry.npmjs.org/jquery-twzipcode/-/jquery-twzipcode-1.7.15-rc1.tgz",
      "integrity": "sha512-TRtLJZbgGvTR9pq0ySTVE/q23dj0zJZu2iBS4Kz9EiPXmLGPX0esEXBhwEa8UxOdHsn/+pBUaIYKjZ8sydEFWA==",
      "requires": {
        "jquery": ">=1.6"
      }
    }
  }
}
